
Microsoft Visual Studio Solution File, Format Version 12.00
# Visual Studio Version 17
VisualStudioVersion = 17.8.34330.188
MinimumVisualStudioVersion = 10.0.40219.1
Project("{8BC9CEB8-8B4A-11D0-8D11-00A0C91BC942}") = "EngineBase", "EngineBase\EngineBase.vcxproj", "{0884C7BF-2805-4146-B27E-54CC42167E7E}"
EndProject
Project("{8BC9CEB8-8B4A-11D0-8D11-00A0C91BC942}") = "EnginePlatform", "EnginePlatform\EnginePlatform.vcxproj", "{5A540A87-7000-42C1-A20F-3C488120D6E1}"
EndProject
Project("{2150E333-8FDC-42A3-9474-1A3956D46DE8}") = "Level_00", "Level_00", "{0CA55920-D166-479B-A383-55B312A023F1}"
EndProject
Project("{2150E333-8FDC-42A3-9474-1A3956D46DE8}") = "Level_01", "Level_01", "{77987EDA-21BE-4C36-8767-837EC5759DA6}"
EndProject
Project("{2150E333-8FDC-42A3-9474-1A3956D46DE8}") = "Level_02", "Level_02", "{511709C4-29C3-469F-88BE-CB6108F0E5D6}"
EndProject
Project("{8BC9CEB8-8B4A-11D0-8D11-00A0C91BC942}") = "EngineCore", "EngineCore\EngineCore.vcxproj", "{272513B5-9006-415D-8F57-0D2908CDF7E8}"
EndProject
Project("{2150E333-8FDC-42A3-9474-1A3956D46DE8}") = "Level_03", "Level_03", "{2E2AC07A-256B-4869-9590-54797E3E4848}"
EndProject
Project("{2150E333-8FDC-42A3-9474-1A3956D46DE8}") = "Level_04", "Level_04", "{39E57A03-8AC4-498A-B5D1-7368286F07FA}"
EndProject
Project("{8BC9CEB8-8B4A-11D0-8D11-00A0C91BC942}") = "Anipang", "Anipang\Anipang.vcxproj", "{DCB579E4-C8FA-490D-ADA2-795B19CB177A}"
EndProject
Project("{8BC9CEB8-8B4A-11D0-8D11-00A0C91BC942}") = "App", "App\App.vcxproj", "{7BA5581C-E8D9-4950-995B-EEE52640B2F4}"
EndProject
Global
	GlobalSection(SolutionConfigurationPlatforms) = preSolution
		Debug|x64 = Debug|x64
		Debug|x86 = Debug|x86
		Release|x64 = Release|x64
		Release|x86 = Release|x86
	EndGlobalSection
	GlobalSection(ProjectConfigurationPlatforms) = postSolution
		{0884C7BF-2805-4146-B27E-54CC42167E7E}.Debug|x64.ActiveCfg = Debug|x64
		{0884C7BF-2805-4146-B27E-54CC42167E7E}.Debug|x64.Build.0 = Debug|x64
		{0884C7BF-2805-4146-B27E-54CC42167E7E}.Debug|x86.ActiveCfg = Debug|Win32
		{0884C7BF-2805-4146-B27E-54CC42167E7E}.Debug|x86.Build.0 = Debug|Win32
		{0884C7BF-2805-4146-B27E-54CC42167E7E}.Release|x64.ActiveCfg = Release|x64
		{0884C7BF-2805-4146-B27E-54CC42167E7E}.Release|x64.Build.0 = Release|x64
		{0884C7BF-2805-4146-B27E-54CC42167E7E}.Release|x86.ActiveCfg = Release|Win32
		{0884C7BF-2805-4146-B27E-54CC42167E7E}.Release|x86.Build.0 = Release|Win32
		{5A540A87-7000-42C1-A20F-3C488120D6E1}.Debug|x64.ActiveCfg = Debug|x64
		{5A540A87-7000-42C1-A20F-3C488120D6E1}.Debug|x64.Build.0 = Debug|x64
		{5A540A87-7000-42C1-A20F-3C488120D6E1}.Debug|x86.ActiveCfg = Debug|Win32
		{5A540A87-7000-42C1-A20F-3C488120D6E1}.Debug|x86.Build.0 = Debug|Win32
		{5A540A87-7000-42C1-A20F-3C488120D6E1}.Release|x64.ActiveCfg = Release|x64
		{5A540A87-7000-42C1-A20F-3C488120D6E1}.Release|x64.Build.0 = Release|x64
		{5A540A87-7000-42C1-A20F-3C488120D6E1}.Release|x86.ActiveCfg = Release|Win32
		{5A540A87-7000-42C1-A20F-3C488120D6E1}.Release|x86.Build.0 = Release|Win32
		{272513B5-9006-415D-8F57-0D2908CDF7E8}.Debug|x64.ActiveCfg = Debug|x64
		{272513B5-9006-415D-8F57-0D2908CDF7E8}.Debug|x64.Build.0 = Debug|x64
		{272513B5-9006-415D-8F57-0D2908CDF7E8}.Debug|x86.ActiveCfg = Debug|Win32
		{272513B5-9006-415D-8F57-0D2908CDF7E8}.Debug|x86.Build.0 = Debug|Win32
		{272513B5-9006-415D-8F57-0D2908CDF7E8}.Release|x64.ActiveCfg = Release|x64
		{272513B5-9006-415D-8F57-0D2908CDF7E8}.Release|x64.Build.0 = Release|x64
		{272513B5-9006-415D-8F57-0D2908CDF7E8}.Release|x86.ActiveCfg = Release|Win32
		{272513B5-9006-415D-8F57-0D2908CDF7E8}.Release|x86.Build.0 = Release|Win32
		{DCB579E4-C8FA-490D-ADA2-795B19CB177A}.Debug|x64.ActiveCfg = Debug|x64
		{DCB579E4-C8FA-490D-ADA2-795B19CB177A}.Debug|x64.Build.0 = Debug|x64
		{DCB579E4-C8FA-490D-ADA2-795B19CB177A}.Debug|x86.ActiveCfg = Debug|Win32
		{DCB579E4-C8FA-490D-ADA2-795B19CB177A}.Debug|x86.Build.0 = Debug|Win32
		{DCB579E4-C8FA-490D-ADA2-795B19CB177A}.Release|x64.ActiveCfg = Release|x64
		{DCB579E4-C8FA-490D-ADA2-795B19CB177A}.Release|x64.Build.0 = Release|x64
		{DCB579E4-C8FA-490D-ADA2-795B19CB177A}.Release|x86.ActiveCfg = Release|Win32
		{DCB579E4-C8FA-490D-ADA2-795B19CB177A}.Release|x86.Build.0 = Release|Win32
		{7BA5581C-E8D9-4950-995B-EEE52640B2F4}.Debug|x64.ActiveCfg = Debug|x64
		{7BA5581C-E8D9-4950-995B-EEE52640B2F4}.Debug|x64.Build.0 = Debug|x64
		{7BA5581C-E8D9-4950-995B-EEE52640B2F4}.Debug|x86.ActiveCfg = Debug|Win32
		{7BA5581C-E8D9-4950-995B-EEE52640B2F4}.Debug|x86.Build.0 = Debug|Win32
		{7BA5581C-E8D9-4950-995B-EEE52640B2F4}.Release|x64.ActiveCfg = Release|x64
		{7BA5581C-E8D9-4950-995B-EEE52640B2F4}.Release|x64.Build.0 = Release|x64
		{7BA5581C-E8D9-4950-995B-EEE52640B2F4}.Release|x86.ActiveCfg = Release|Win32
		{7BA5581C-E8D9-4950-995B-EEE52640B2F4}.Release|x86.Build.0 = Release|Win32
	EndGlobalSection
	GlobalSection(SolutionProperties) = preSolution
		HideSolutionNode = FALSE
	EndGlobalSection
	GlobalSection(NestedProjects) = preSolution
		{0884C7BF-2805-4146-B27E-54CC42167E7E} = {0CA55920-D166-479B-A383-55B312A023F1}
		{5A540A87-7000-42C1-A20F-3C488120D6E1} = {77987EDA-21BE-4C36-8767-837EC5759DA6}
		{272513B5-9006-415D-8F57-0D2908CDF7E8} = {511709C4-29C3-469F-88BE-CB6108F0E5D6}
		{DCB579E4-C8FA-490D-ADA2-795B19CB177A} = {2E2AC07A-256B-4869-9590-54797E3E4848}
		{7BA5581C-E8D9-4950-995B-EEE52640B2F4} = {39E57A03-8AC4-498A-B5D1-7368286F07FA}
	EndGlobalSection
	GlobalSection(ExtensibilityGlobals) = postSolution
		SolutionGuid = {C4A2E0C2-9F19-4E3D-AC72-4566757E15B7}
	EndGlobalSection
EndGlobal
