<?xml version="1.0" encoding="utf-8"?>
<Project ToolsVersion="4.0" xmlns="http://schemas.microsoft.com/developer/msbuild/2003">
  <ItemGroup>
    <Filter Include="Input">
      <UniqueIdentifier>{4779893f-7aef-4875-99b5-844d26956b10}</UniqueIdentifier>
    </Filter>
    <Filter Include="Window">
      <UniqueIdentifier>{30b716e2-744c-4946-b425-1b797ac28589}</UniqueIdentifier>
    </Filter>
    <Filter Include="ThirdParty">
      <UniqueIdentifier>{a4220c36-074b-4780-a22c-2804c9e14be1}</UniqueIdentifier>
    </Filter>
    <Filter Include="ThirdParty\FMOD">
      <UniqueIdentifier>{f1f43b5a-3eee-4d99-8286-d90f519e7071}</UniqueIdentifier>
    </Filter>
    <Filter Include="ThirdParty\FMOD\inc">
      <UniqueIdentifier>{a68d82ee-eeb5-4c72-8a20-344bd56287cb}</UniqueIdentifier>
    </Filter>
    <Filter Include="ThirdParty\FMOD\Debug">
      <UniqueIdentifier>{b74ec85b-04d0-4619-9e7e-7dd501b042f1}</UniqueIdentifier>
    </Filter>
    <Filter Include="ThirdParty\FMOD\Release">
      <UniqueIdentifier>{9fd87c06-a6d7-4461-ad8b-551ebe40a8e8}</UniqueIdentifier>
    </Filter>
    <Filter Include="Resources">
      <UniqueIdentifier>{76744f6d-0c7c-4fbb-a4d6-932f21111006}</UniqueIdentifier>
    </Filter>
    <Filter Include="Resources\Sound">
      <UniqueIdentifier>{6f2c8258-c02d-44a3-9280-d3b62d7ba174}</UniqueIdentifier>
    </Filter>
  </ItemGroup>
  <ItemGroup>
    <ClInclude Include="EngineWindow.h">
      <Filter>Window</Filter>
    </ClInclude>
    <ClInclude Include="EngineInput.h">
      <Filter>Input</Filter>
    </ClInclude>
    <ClInclude Include="WindowImage.h">
      <Filter>Window</Filter>
    </ClInclude>
    <ClInclude Include="ThirdParty\FMOD\inc\fmod.h">
      <Filter>ThirdParty\FMOD\inc</Filter>
    </ClInclude>
    <ClInclude Include="ThirdParty\FMOD\inc\fmod.hpp">
      <Filter>ThirdParty\FMOD\inc</Filter>
    </ClInclude>
    <ClInclude Include="ThirdParty\FMOD\inc\fmod_codec.h">
      <Filter>ThirdParty\FMOD\inc</Filter>
    </ClInclude>
    <ClInclude Include="ThirdParty\FMOD\inc\fmod_common.h">
      <Filter>ThirdParty\FMOD\inc</Filter>
    </ClInclude>
    <ClInclude Include="ThirdParty\FMOD\inc\fmod_dsp.h">
      <Filter>ThirdParty\FMOD\inc</Filter>
    </ClInclude>
    <ClInclude Include="ThirdParty\FMOD\inc\fmod_dsp_effects.h">
      <Filter>ThirdParty\FMOD\inc</Filter>
    </ClInclude>
    <ClInclude Include="ThirdParty\FMOD\inc\fmod_errors.h">
      <Filter>ThirdParty\FMOD\inc</Filter>
    </ClInclude>
    <ClInclude Include="ThirdParty\FMOD\inc\fmod_output.h">
      <Filter>ThirdParty\FMOD\inc</Filter>
    </ClInclude>
    <ClInclude Include="EngineSound.h">
      <Filter>Resources\Sound</Filter>
    </ClInclude>
    <ClInclude Include="EngineResources.h">
      <Filter>Resources</Filter>
    </ClInclude>
  </ItemGroup>
  <ItemGroup>
    <ClCompile Include="EngineWindow.cpp">
      <Filter>Window</Filter>
    </ClCompile>
    <ClCompile Include="EngineInput.cpp">
      <Filter>Input</Filter>
    </ClCompile>
    <ClCompile Include="WindowImage.cpp">
      <Filter>Window</Filter>
    </ClCompile>
    <ClCompile Include="EngineSound.cpp">
      <Filter>Resources\Sound</Filter>
    </ClCompile>
    <ClCompile Include="EngineResources.cpp">
      <Filter>Resources</Filter>
    </ClCompile>
  </ItemGroup>
  <ItemGroup>
    <CopyFileToFolders Include="ThirdParty\FMOD\Debug\fmodL_vc.lib">
      <Filter>ThirdParty\FMOD\Debug</Filter>
    </CopyFileToFolders>
    <CopyFileToFolders Include="ThirdParty\FMOD\Debug\fmodL.dll">
      <Filter>ThirdParty\FMOD\Debug</Filter>
    </CopyFileToFolders>
    <CopyFileToFolders Include="ThirdParty\FMOD\Release\fmod.dll">
      <Filter>ThirdParty\FMOD\Release</Filter>
    </CopyFileToFolders>
    <CopyFileToFolders Include="ThirdParty\FMOD\Release\fmod_vc.lib">
      <Filter>ThirdParty\FMOD\Release</Filter>
    </CopyFileToFolders>
  </ItemGroup>
</Project>