<?xml version="1.0" encoding="utf-8"?>
<Project ToolsVersion="4.0" xmlns="http://schemas.microsoft.com/developer/msbuild/2003">
  <ItemGroup>
    <ClInclude Include="Animal_Block.h">
      <Filter>LEVEL &amp; ACTOR\Play_Level\Play_Level_Actor\Block_OBJ</Filter>
    </ClInclude>
    <ClInclude Include="TestBullet.h">
      <Filter>LEVEL &amp; ACTOR\Play_Level\Play_Level_Actor\Block_OBJ</Filter>
    </ClInclude>
    <ClInclude Include="Rabbit_Block.h">
      <Filter>LEVEL &amp; ACTOR\Play_Level\Play_Level_Actor\Block_OBJ</Filter>
    </ClInclude>
    <ClInclude Include="Cat_Block.h">
      <Filter>LEVEL &amp; ACTOR\Play_Level\Play_Level_Actor\Block_OBJ</Filter>
    </ClInclude>
    <ClInclude Include="Checkin_Block.h">
      <Filter>LEVEL &amp; ACTOR\Play_Level\Play_Level_Actor\Block_OBJ</Filter>
    </ClInclude>
    <ClInclude Include="Dog_Block.h">
      <Filter>LEVEL &amp; ACTOR\Play_Level\Play_Level_Actor\Block_OBJ</Filter>
    </ClInclude>
    <ClInclude Include="Mouse_Block.h">
      <Filter>LEVEL &amp; ACTOR\Play_Level\Play_Level_Actor\Block_OBJ</Filter>
    </ClInclude>
    <ClInclude Include="Pig_Block.h">
      <Filter>LEVEL &amp; ACTOR\Play_Level\Play_Level_Actor\Block_OBJ</Filter>
    </ClInclude>
    <ClInclude Include="PlayLevel.h">
      <Filter>LEVEL &amp; ACTOR\Play_Level</Filter>
    </ClInclude>
    <ClInclude Include="TitleLevel.h">
      <Filter>LEVEL &amp; ACTOR\Title_Level</Filter>
    </ClInclude>
    <ClInclude Include="ScoreLevel.h">
      <Filter>LEVEL &amp; ACTOR\Score_Level</Filter>
    </ClInclude>
    <ClInclude Include="Title_BackGround.h">
      <Filter>LEVEL &amp; ACTOR\Title_Level\Title_Level_Actor</Filter>
    </ClInclude>
    <ClInclude Include="Helper.h">
      <Filter>Anipang_Helper</Filter>
    </ClInclude>
    <ClInclude Include="EndingLevel.h">
      <Filter>LEVEL &amp; ACTOR\Ending_Level</Filter>
    </ClInclude>
    <ClInclude Include="Ending_BackGround.h">
      <Filter>LEVEL &amp; ACTOR\Ending_Level\Ending_Level_Actor</Filter>
    </ClInclude>
    <ClInclude Include="Play_Frame.h">
      <Filter>LEVEL &amp; ACTOR\Play_Level\Play_Level_Actor</Filter>
    </ClInclude>
    <ClInclude Include="Monkey_Block.h">
      <Filter>LEVEL &amp; ACTOR\Play_Level\Play_Level_Actor\Block_OBJ</Filter>
    </ClInclude>
    <ClInclude Include="Block_Manager.h">
      <Filter>LEVEL &amp; ACTOR\Play_Level\Play_Level_Actor\Block_Manager</Filter>
    </ClInclude>
    <ClInclude Include="Title_Logo.h">
      <Filter>LEVEL &amp; ACTOR\Title_Level\Title_Level_Actor</Filter>
    </ClInclude>
    <ClInclude Include="Title_LogoChick.h">
      <Filter>LEVEL &amp; ACTOR\Title_Level\Title_Level_Actor</Filter>
    </ClInclude>
    <ClInclude Include="Title_PointAnimation.h">
      <Filter>LEVEL &amp; ACTOR\Title_Level\Title_Level_Actor</Filter>
    </ClInclude>
    <ClInclude Include="PickingManager.h">
      <Filter>Anipang_Helper</Filter>
    </ClInclude>
    <ClInclude Include="AnipangCore.h">
      <Filter>MAIN</Filter>
    </ClInclude>
    <ClInclude Include="BlockBoomb_Effect.h">
      <Filter>LEVEL &amp; ACTOR\Play_Level\Play_Level_Actor\Block_Effect</Filter>
    </ClInclude>
    <ClInclude Include="Game_Start.h">
      <Filter>LEVEL &amp; ACTOR\Play_Level\Play_Level_Actor\Start_OBJ</Filter>
    </ClInclude>
    <ClInclude Include="Game_End.h">
      <Filter>LEVEL &amp; ACTOR\Play_Level\Play_Level_Actor\End_OBJ</Filter>
    </ClInclude>
    <ClInclude Include="Time_Gauge.h">
      <Filter>LEVEL &amp; ACTOR\Play_Level\Play_Level_Actor\Time_OBJ</Filter>
    </ClInclude>
    <ClInclude Include="Number.h">
      <Filter>LEVEL &amp; ACTOR\Play_Level\Play_Level_Actor\Number_OBJ</Filter>
    </ClInclude>
    <ClInclude Include="ScoreManager.h">
      <Filter>Public\Score_OBJ</Filter>
    </ClInclude>
    <ClInclude Include="Score_BackGround.h">
      <Filter>LEVEL &amp; ACTOR\Score_Level\Scor_Level_Actor</Filter>
    </ClInclude>
    <ClInclude Include="ScoreBoard.h">
      <Filter>LEVEL &amp; ACTOR\Score_Level\Scor_Level_Actor</Filter>
    </ClInclude>
    <ClInclude Include="Cursor.h">
      <Filter>Public\Cursor</Filter>
    </ClInclude>
    <ClInclude Include="FadeIN_OUT.h">
      <Filter>Public\FadeIN_FadeOUT</Filter>
    </ClInclude>
    <ClInclude Include="UI_OBJ.h">
      <Filter>Public\UI_OBJ</Filter>
    </ClInclude>
    <ClInclude Include="GameStart_UI.h">
      <Filter>Public\UI_OBJ</Filter>
    </ClInclude>
    <ClInclude Include="GameEnd_UI.h">
      <Filter>Public\UI_OBJ</Filter>
    </ClInclude>
    <ClInclude Include="CheckScore_UI.h">
      <Filter>Public\UI_OBJ</Filter>
    </ClInclude>
    <ClInclude Include="ScreenScore_Level.h">
      <Filter>LEVEL &amp; ACTOR\ScreenScore_Level</Filter>
    </ClInclude>
    <ClInclude Include="MainScreen_UI.h">
      <Filter>Public\UI_OBJ</Filter>
    </ClInclude>
    <ClInclude Include="ReStart_UI.h">
      <Filter>Public\UI_OBJ</Filter>
    </ClInclude>
    <ClInclude Include="Boomb_Block_Effect.h">
      <Filter>LEVEL &amp; ACTOR\Play_Level\Play_Level_Actor\BoombBlockEffect</Filter>
    </ClInclude>
    <ClInclude Include="NumberFont.h">
      <Filter>LEVEL &amp; ACTOR\ScreenScore_Level\ScreenScore_Level_Actor</Filter>
    </ClInclude>
  </ItemGroup>
  <ItemGroup>
    <ClCompile Include="Animal_Block.cpp">
      <Filter>LEVEL &amp; ACTOR\Play_Level\Play_Level_Actor\Block_OBJ</Filter>
    </ClCompile>
    <ClCompile Include="TestBullet.cpp">
      <Filter>LEVEL &amp; ACTOR\Play_Level\Play_Level_Actor\Block_OBJ</Filter>
    </ClCompile>
    <ClCompile Include="Cat_Block.cpp">
      <Filter>LEVEL &amp; ACTOR\Play_Level\Play_Level_Actor\Block_OBJ</Filter>
    </ClCompile>
    <ClCompile Include="Checkin_Block.cpp">
      <Filter>LEVEL &amp; ACTOR\Play_Level\Play_Level_Actor\Block_OBJ</Filter>
    </ClCompile>
    <ClCompile Include="Dog_Block.cpp">
      <Filter>LEVEL &amp; ACTOR\Play_Level\Play_Level_Actor\Block_OBJ</Filter>
    </ClCompile>
    <ClCompile Include="Mouse_Block.cpp">
      <Filter>LEVEL &amp; ACTOR\Play_Level\Play_Level_Actor\Block_OBJ</Filter>
    </ClCompile>
    <ClCompile Include="Pig_Block.cpp">
      <Filter>LEVEL &amp; ACTOR\Play_Level\Play_Level_Actor\Block_OBJ</Filter>
    </ClCompile>
    <ClCompile Include="Rabbit_Block.cpp">
      <Filter>LEVEL &amp; ACTOR\Play_Level\Play_Level_Actor\Block_OBJ</Filter>
    </ClCompile>
    <ClCompile Include="PlayLevel.cpp">
      <Filter>LEVEL &amp; ACTOR\Play_Level</Filter>
    </ClCompile>
    <ClCompile Include="TitleLevel.cpp">
      <Filter>LEVEL &amp; ACTOR\Title_Level</Filter>
    </ClCompile>
    <ClCompile Include="ScoreLevel.cpp">
      <Filter>LEVEL &amp; ACTOR\Score_Level</Filter>
    </ClCompile>
    <ClCompile Include="Title_BackGround.cpp">
      <Filter>LEVEL &amp; ACTOR\Title_Level\Title_Level_Actor</Filter>
    </ClCompile>
    <ClCompile Include="Helper.cpp">
      <Filter>Anipang_Helper</Filter>
    </ClCompile>
    <ClCompile Include="EndingLevel.cpp">
      <Filter>LEVEL &amp; ACTOR\Ending_Level</Filter>
    </ClCompile>
    <ClCompile Include="Ending_BackGround.cpp">
      <Filter>LEVEL &amp; ACTOR\Ending_Level\Ending_Level_Actor</Filter>
    </ClCompile>
    <ClCompile Include="Play_Frame.cpp">
      <Filter>LEVEL &amp; ACTOR\Play_Level\Play_Level_Actor</Filter>
    </ClCompile>
    <ClCompile Include="Monkey_Block.cpp">
      <Filter>LEVEL &amp; ACTOR\Play_Level\Play_Level_Actor\Block_OBJ</Filter>
    </ClCompile>
    <ClCompile Include="Block_Manager.cpp">
      <Filter>LEVEL &amp; ACTOR\Play_Level\Play_Level_Actor\Block_Manager</Filter>
    </ClCompile>
    <ClCompile Include="Title_Logo.cpp">
      <Filter>LEVEL &amp; ACTOR\Title_Level\Title_Level_Actor</Filter>
    </ClCompile>
    <ClCompile Include="Title_LogoChick.cpp">
      <Filter>LEVEL &amp; ACTOR\Title_Level\Title_Level_Actor</Filter>
    </ClCompile>
    <ClCompile Include="Title_PointAnimation.cpp">
      <Filter>LEVEL &amp; ACTOR\Title_Level\Title_Level_Actor</Filter>
    </ClCompile>
    <ClCompile Include="PickingManager.cpp">
      <Filter>Anipang_Helper</Filter>
    </ClCompile>
    <ClCompile Include="AnipangCore.cpp">
      <Filter>MAIN</Filter>
    </ClCompile>
    <ClCompile Include="BlockBoomb_Effect.cpp">
      <Filter>LEVEL &amp; ACTOR\Play_Level\Play_Level_Actor\Block_Effect</Filter>
    </ClCompile>
    <ClCompile Include="Game_Start.cpp">
      <Filter>LEVEL &amp; ACTOR\Play_Level\Play_Level_Actor\Start_OBJ</Filter>
    </ClCompile>
    <ClCompile Include="Game_End.cpp">
      <Filter>LEVEL &amp; ACTOR\Play_Level\Play_Level_Actor\End_OBJ</Filter>
    </ClCompile>
    <ClCompile Include="Time_Gauge.cpp">
      <Filter>LEVEL &amp; ACTOR\Play_Level\Play_Level_Actor\Time_OBJ</Filter>
    </ClCompile>
    <ClCompile Include="Number.cpp">
      <Filter>LEVEL &amp; ACTOR\Play_Level\Play_Level_Actor\Number_OBJ</Filter>
    </ClCompile>
    <ClCompile Include="ScoreManager.cpp">
      <Filter>Public\Score_OBJ</Filter>
    </ClCompile>
    <ClCompile Include="Score_BackGround.cpp">
      <Filter>LEVEL &amp; ACTOR\Score_Level\Scor_Level_Actor</Filter>
    </ClCompile>
    <ClCompile Include="ScoreBoard.cpp">
      <Filter>LEVEL &amp; ACTOR\Score_Level\Scor_Level_Actor</Filter>
    </ClCompile>
    <ClCompile Include="Cursor.cpp">
      <Filter>Public\Cursor</Filter>
    </ClCompile>
    <ClCompile Include="FadeIN_OUT.cpp">
      <Filter>Public\FadeIN_FadeOUT</Filter>
    </ClCompile>
    <ClCompile Include="UI_OBJ.cpp">
      <Filter>Public\UI_OBJ</Filter>
    </ClCompile>
    <ClCompile Include="GameStart_UI.cpp">
      <Filter>Public\UI_OBJ</Filter>
    </ClCompile>
    <ClCompile Include="GameEnd_UI.cpp">
      <Filter>Public\UI_OBJ</Filter>
    </ClCompile>
    <ClCompile Include="CheckScore_UI.cpp">
      <Filter>Public\UI_OBJ</Filter>
    </ClCompile>
    <ClCompile Include="ScreenScore_Level.cpp">
      <Filter>LEVEL &amp; ACTOR\ScreenScore_Level</Filter>
    </ClCompile>
    <ClCompile Include="MainScreen_UI.cpp">
      <Filter>Public\UI_OBJ</Filter>
    </ClCompile>
    <ClCompile Include="ReStart_UI.cpp">
      <Filter>Public\UI_OBJ</Filter>
    </ClCompile>
    <ClCompile Include="Boomb_Block_Effect.cpp">
      <Filter>LEVEL &amp; ACTOR\Play_Level\Play_Level_Actor\BoombBlockEffect</Filter>
    </ClCompile>
    <ClCompile Include="NumberFont.cpp">
      <Filter>LEVEL &amp; ACTOR\ScreenScore_Level\ScreenScore_Level_Actor</Filter>
    </ClCompile>
  </ItemGroup>
  <ItemGroup>
    <Filter Include="Anipang_Helper">
      <UniqueIdentifier>{cb5abf74-7e84-41fd-9c3d-67e13dd6215f}</UniqueIdentifier>
    </Filter>
    <Filter Include="Public">
      <UniqueIdentifier>{16e68bb2-4f4b-4358-b2c7-41d26e4a43ed}</UniqueIdentifier>
    </Filter>
    <Filter Include="MAIN">
      <UniqueIdentifier>{48a3f161-aeab-4cb9-9c37-667306c90c5a}</UniqueIdentifier>
    </Filter>
    <Filter Include="LEVEL &amp; ACTOR">
      <UniqueIdentifier>{00d95d6e-eedd-4081-8f1e-56b9a3dd0b84}</UniqueIdentifier>
    </Filter>
    <Filter Include="LEVEL &amp; ACTOR\Play_Level">
      <UniqueIdentifier>{d63a53b7-c48e-4588-a145-1f3f8ec7d325}</UniqueIdentifier>
    </Filter>
    <Filter Include="LEVEL &amp; ACTOR\Play_Level\Play_Level_Actor">
      <UniqueIdentifier>{fc2c1506-e883-49b0-aad8-480b1faa2a6f}</UniqueIdentifier>
    </Filter>
    <Filter Include="LEVEL &amp; ACTOR\Play_Level\Play_Level_Actor\Block_OBJ">
      <UniqueIdentifier>{78f6310a-740d-4374-b9c6-d1a18258d3f7}</UniqueIdentifier>
    </Filter>
    <Filter Include="LEVEL &amp; ACTOR\Play_Level\Play_Level_Actor\Block_Manager">
      <UniqueIdentifier>{c18fcdfb-c222-4977-b884-95eca860f55b}</UniqueIdentifier>
    </Filter>
    <Filter Include="LEVEL &amp; ACTOR\Score_Level">
      <UniqueIdentifier>{7bfe1ff5-61d0-4080-b3e0-e7ae2c708e0a}</UniqueIdentifier>
    </Filter>
    <Filter Include="LEVEL &amp; ACTOR\Score_Level\Scor_Level_Actor">
      <UniqueIdentifier>{4e097af5-4e51-4786-8be8-a0e23eb80535}</UniqueIdentifier>
    </Filter>
    <Filter Include="LEVEL &amp; ACTOR\Title_Level">
      <UniqueIdentifier>{b1148e2d-e2c1-46a9-b341-105d497c94c2}</UniqueIdentifier>
    </Filter>
    <Filter Include="LEVEL &amp; ACTOR\Title_Level\Title_Level_Actor">
      <UniqueIdentifier>{6f5660cc-d6db-4d0d-a2a2-625f5585a12c}</UniqueIdentifier>
    </Filter>
    <Filter Include="LEVEL &amp; ACTOR\Ending_Level">
      <UniqueIdentifier>{b32ebf5c-4359-471f-8be4-440c63529f17}</UniqueIdentifier>
    </Filter>
    <Filter Include="LEVEL &amp; ACTOR\Ending_Level\Ending_Level_Actor">
      <UniqueIdentifier>{4eb29dce-6c2e-4501-a439-ffe11cce6ea1}</UniqueIdentifier>
    </Filter>
    <Filter Include="LEVEL &amp; ACTOR\Play_Level\Play_Level_Actor\Block_Effect">
      <UniqueIdentifier>{1b7424f9-23fa-4260-a8c3-0ce2d7d4266c}</UniqueIdentifier>
    </Filter>
    <Filter Include="LEVEL &amp; ACTOR\Play_Level\Play_Level_Actor\Start_OBJ">
      <UniqueIdentifier>{e46648ee-6457-43b1-84e6-6f9c938e6dad}</UniqueIdentifier>
    </Filter>
    <Filter Include="LEVEL &amp; ACTOR\Play_Level\Play_Level_Actor\End_OBJ">
      <UniqueIdentifier>{24d1f23c-b107-49b9-9f81-0315fe4a3cae}</UniqueIdentifier>
    </Filter>
    <Filter Include="LEVEL &amp; ACTOR\Play_Level\Play_Level_Actor\Time_OBJ">
      <UniqueIdentifier>{c03e5689-516f-4421-ae4b-f0c038b428a3}</UniqueIdentifier>
    </Filter>
    <Filter Include="LEVEL &amp; ACTOR\Play_Level\Play_Level_Actor\Number_OBJ">
      <UniqueIdentifier>{c8421e69-f44f-46a5-a988-669e94df9e37}</UniqueIdentifier>
    </Filter>
    <Filter Include="Public\Score_OBJ">
      <UniqueIdentifier>{e8b2da3e-92b0-4384-838b-c0a46d39515a}</UniqueIdentifier>
    </Filter>
    <Filter Include="Public\Cursor">
      <UniqueIdentifier>{1b3cacb2-bff8-4a53-a35e-0ab6cc715995}</UniqueIdentifier>
    </Filter>
    <Filter Include="Public\FadeIN_FadeOUT">
      <UniqueIdentifier>{c6a5a588-f5d7-464a-885f-8e4840202f84}</UniqueIdentifier>
    </Filter>
    <Filter Include="Public\UI_OBJ">
      <UniqueIdentifier>{38dadc18-9dd6-4296-8d48-6c5043c6921e}</UniqueIdentifier>
    </Filter>
    <Filter Include="LEVEL &amp; ACTOR\ScreenScore_Level">
      <UniqueIdentifier>{57f12a0c-908d-4881-ac90-e296983431a1}</UniqueIdentifier>
    </Filter>
    <Filter Include="LEVEL &amp; ACTOR\Play_Level\Play_Level_Actor\BoombBlockEffect">
      <UniqueIdentifier>{873409b4-20bd-4a1b-81ce-1a7dbfbd94a6}</UniqueIdentifier>
    </Filter>
    <Filter Include="LEVEL &amp; ACTOR\ScreenScore_Level\ScreenScore_Level_Actor">
      <UniqueIdentifier>{35f43313-6eda-4660-82e9-b588723af7c7}</UniqueIdentifier>
    </Filter>
  </ItemGroup>
</Project>